
Microsoft Visual Studio Solution File, Format Version 12.00
# Visual Studio Version 17
VisualStudioVersion = 17.9.34701.34
MinimumVisualStudioVersion = 10.0.40219.1
Project("{FAE04EC0-301F-11D3-BF4B-00C04F79EFBC}") = "Chi_ExpenseTracker_WebApi", "Chi_ExpenseTracker_WebApi\Chi_ExpenseTracker_WebApi.csproj", "{C0BD89A9-08F2-459A-976F-E6E51C7242D6}"
EndProject
Project("{FAE04EC0-301F-11D3-BF4B-00C04F79EFBC}") = "Chi_ExpenseTracker_Service", "Chi_ExpenseTracker_Service\Chi_ExpenseTracker_Service.csproj", "{38952452-82EE-4E89-AB8F-AB8B70B25CF8}"
EndProject
Project("{FAE04EC0-301F-11D3-BF4B-00C04F79EFBC}") = "Chi_ExpenseTracker_Repesitory", "Chi_ExpenseTracker_Repesitory\Chi_ExpenseTracker_Repesitory.csproj", "{BFB167D3-E504-44A6-B3FD-FF00F263BED5}"
EndProject
Global
	GlobalSection(SolutionConfigurationPlatforms) = preSolution
		Debug|Any CPU = Debug|Any CPU
		Release|Any CPU = Release|Any CPU
	EndGlobalSection
	GlobalSection(ProjectConfigurationPlatforms) = postSolution
		{C0BD89A9-08F2-459A-976F-E6E51C7242D6}.Debug|Any CPU.ActiveCfg = Debug|Any CPU
		{C0BD89A9-08F2-459A-976F-E6E51C7242D6}.Debug|Any CPU.Build.0 = Debug|Any CPU
		{C0BD89A9-08F2-459A-976F-E6E51C7242D6}.Release|Any CPU.ActiveCfg = Release|Any CPU
		{C0BD89A9-08F2-459A-976F-E6E51C7242D6}.Release|Any CPU.Build.0 = Release|Any CPU
		{38952452-82EE-4E89-AB8F-AB8B70B25CF8}.Debug|Any CPU.ActiveCfg = Debug|Any CPU
		{38952452-82EE-4E89-AB8F-AB8B70B25CF8}.Debug|Any CPU.Build.0 = Debug|Any CPU
		{38952452-82EE-4E89-AB8F-AB8B70B25CF8}.Release|Any CPU.ActiveCfg = Release|Any CPU
		{38952452-82EE-4E89-AB8F-AB8B70B25CF8}.Release|Any CPU.Build.0 = Release|Any CPU
		{BFB167D3-E504-44A6-B3FD-FF00F263BED5}.Debug|Any CPU.ActiveCfg = Debug|Any CPU
		{BFB167D3-E504-44A6-B3FD-FF00F263BED5}.Debug|Any CPU.Build.0 = Debug|Any CPU
		{BFB167D3-E504-44A6-B3FD-FF00F263BED5}.Release|Any CPU.ActiveCfg = Release|Any CPU
		{BFB167D3-E504-44A6-B3FD-FF00F263BED5}.Release|Any CPU.Build.0 = Release|Any CPU
	EndGlobalSection
	GlobalSection(SolutionProperties) = preSolution
		HideSolutionNode = FALSE
	EndGlobalSection
	GlobalSection(ExtensibilityGlobals) = postSolution
		SolutionGuid = {96930D6B-61BA-4AF1-BC45-1CC89B5FFD5F}
	EndGlobalSection
EndGlobal
